
Microsoft Visual Studio Solution File, Format Version 12.00
# Visual Studio 15
VisualStudioVersion = 15.0.28307.902
MinimumVisualStudioVersion = 10.0.40219.1
Project("{FAE04EC0-301F-11D3-BF4B-00C04F79EFBC}") = "AppEjerciciosBucles", "WindowsFormsApp6\AppEjerciciosBucles.csproj", "{C6035F25-36DC-4162-A5F8-D060B138581D}"
EndProject
Global
	GlobalSection(SolutionConfigurationPlatforms) = preSolution
		Debug|Any CPU = Debug|Any CPU
		Release|Any CPU = Release|Any CPU
	EndGlobalSection
	GlobalSection(ProjectConfigurationPlatforms) = postSolution
		{C6035F25-36DC-4162-A5F8-D060B138581D}.Debug|Any CPU.ActiveCfg = Debug|Any CPU
		{C6035F25-36DC-4162-A5F8-D060B138581D}.Debug|Any CPU.Build.0 = Debug|Any CPU
		{C6035F25-36DC-4162-A5F8-D060B138581D}.Release|Any CPU.ActiveCfg = Release|Any CPU
		{C6035F25-36DC-4162-A5F8-D060B138581D}.Release|Any CPU.Build.0 = Release|Any CPU
	EndGlobalSection
	GlobalSection(SolutionProperties) = preSolution
		HideSolutionNode = FALSE
	EndGlobalSection
	GlobalSection(ExtensibilityGlobals) = postSolution
		SolutionGuid = {4F0FF060-CFE2-4F3F-9E87-1975FF69C128}
	EndGlobalSection
EndGlobal
